
Microsoft Visual Studio Solution File, Format Version 12.00
# Visual Studio Version 16
VisualStudioVersion = 16.0.28922.388
MinimumVisualStudioVersion = 10.0.40219.1
Project("{8BC9CEB8-8B4A-11D0-8D11-00A0C91BC942}") = "SqList Lab", "ListExp\ListExp.vcxproj", "{BDA18DE2-4739-4D53-85A8-0F9F0C4CE5BC}"
EndProject
Project("{8BC9CEB8-8B4A-11D0-8D11-00A0C91BC942}") = "LinkedList Lab", "Project1\Project1.vcxproj", "{05FB5025-D3E2-492D-8150-12EEB51429A4}"
EndProject
Global
	GlobalSection(SolutionConfigurationPlatforms) = preSolution
		Debug|x64 = Debug|x64
		Debug|x86 = Debug|x86
		Release|x64 = Release|x64
		Release|x86 = Release|x86
	EndGlobalSection
	GlobalSection(ProjectConfigurationPlatforms) = postSolution
		{BDA18DE2-4739-4D53-85A8-0F9F0C4CE5BC}.Debug|x64.ActiveCfg = Debug|x64
		{BDA18DE2-4739-4D53-85A8-0F9F0C4CE5BC}.Debug|x64.Build.0 = Debug|x64
		{BDA18DE2-4739-4D53-85A8-0F9F0C4CE5BC}.Debug|x86.ActiveCfg = Debug|Win32
		{BDA18DE2-4739-4D53-85A8-0F9F0C4CE5BC}.Debug|x86.Build.0 = Debug|Win32
		{BDA18DE2-4739-4D53-85A8-0F9F0C4CE5BC}.Release|x64.ActiveCfg = Release|x64
		{BDA18DE2-4739-4D53-85A8-0F9F0C4CE5BC}.Release|x64.Build.0 = Release|x64
		{BDA18DE2-4739-4D53-85A8-0F9F0C4CE5BC}.Release|x86.ActiveCfg = Release|Win32
		{BDA18DE2-4739-4D53-85A8-0F9F0C4CE5BC}.Release|x86.Build.0 = Release|Win32
		{05FB5025-D3E2-492D-8150-12EEB51429A4}.Debug|x64.ActiveCfg = Debug|x64
		{05FB5025-D3E2-492D-8150-12EEB51429A4}.Debug|x64.Build.0 = Debug|x64
		{05FB5025-D3E2-492D-8150-12EEB51429A4}.Debug|x86.ActiveCfg = Debug|Win32
		{05FB5025-D3E2-492D-8150-12EEB51429A4}.Debug|x86.Build.0 = Debug|Win32
		{05FB5025-D3E2-492D-8150-12EEB51429A4}.Release|x64.ActiveCfg = Release|x64
		{05FB5025-D3E2-492D-8150-12EEB51429A4}.Release|x64.Build.0 = Release|x64
		{05FB5025-D3E2-492D-8150-12EEB51429A4}.Release|x86.ActiveCfg = Release|Win32
		{05FB5025-D3E2-492D-8150-12EEB51429A4}.Release|x86.Build.0 = Release|Win32
	EndGlobalSection
	GlobalSection(SolutionProperties) = preSolution
		HideSolutionNode = FALSE
	EndGlobalSection
	GlobalSection(ExtensibilityGlobals) = postSolution
		SolutionGuid = {7CD5FF3C-934F-4354-B264-7239A6141292}
	EndGlobalSection
EndGlobal
